
Microsoft Visual Studio Solution File, Format Version 12.00
# Visual Studio 14
VisualStudioVersion = 14.0.25420.1
MinimumVisualStudioVersion = 10.0.40219.1
Project("{8BC9CEB8-8B4A-11D0-8D11-00A0C91BC942}") = "NumberComplement_476", "NumberComplement_476\NumberComplement_476.vcxproj", "{37B3D5ED-D223-40BB-9141-C0C4AAACBB4F}"
EndProject
Project("{8BC9CEB8-8B4A-11D0-8D11-00A0C91BC942}") = "HammingDistance_461", "HammingDistance_461\HammingDistance.vcxproj", "{1738B57D-78C4-479F-BDF6-CA75A5ED0440}"
EndProject
Project("{8BC9CEB8-8B4A-11D0-8D11-00A0C91BC942}") = "KeyboardRow_500", "KeyboardRow_500\KeyboardRow_500.vcxproj", "{0E705C8B-ACE9-4791-BF06-BAE5D12D543E}"
EndProject
Project("{8BC9CEB8-8B4A-11D0-8D11-00A0C91BC942}") = "FizzBuzz_412", "FizzBuzz_412\FizzBuzz_412.vcxproj", "{C31E9185-7F23-409C-9379-35392946A55B}"
EndProject
Global
	GlobalSection(SolutionConfigurationPlatforms) = preSolution
		Debug|x64 = Debug|x64
		Debug|x86 = Debug|x86
		Release|x64 = Release|x64
		Release|x86 = Release|x86
	EndGlobalSection
	GlobalSection(ProjectConfigurationPlatforms) = postSolution
		{37B3D5ED-D223-40BB-9141-C0C4AAACBB4F}.Debug|x64.ActiveCfg = Debug|x64
		{37B3D5ED-D223-40BB-9141-C0C4AAACBB4F}.Debug|x64.Build.0 = Debug|x64
		{37B3D5ED-D223-40BB-9141-C0C4AAACBB4F}.Debug|x86.ActiveCfg = Debug|Win32
		{37B3D5ED-D223-40BB-9141-C0C4AAACBB4F}.Debug|x86.Build.0 = Debug|Win32
		{37B3D5ED-D223-40BB-9141-C0C4AAACBB4F}.Release|x64.ActiveCfg = Release|x64
		{37B3D5ED-D223-40BB-9141-C0C4AAACBB4F}.Release|x64.Build.0 = Release|x64
		{37B3D5ED-D223-40BB-9141-C0C4AAACBB4F}.Release|x86.ActiveCfg = Release|Win32
		{37B3D5ED-D223-40BB-9141-C0C4AAACBB4F}.Release|x86.Build.0 = Release|Win32
		{1738B57D-78C4-479F-BDF6-CA75A5ED0440}.Debug|x64.ActiveCfg = Debug|x64
		{1738B57D-78C4-479F-BDF6-CA75A5ED0440}.Debug|x64.Build.0 = Debug|x64
		{1738B57D-78C4-479F-BDF6-CA75A5ED0440}.Debug|x86.ActiveCfg = Debug|Win32
		{1738B57D-78C4-479F-BDF6-CA75A5ED0440}.Debug|x86.Build.0 = Debug|Win32
		{1738B57D-78C4-479F-BDF6-CA75A5ED0440}.Release|x64.ActiveCfg = Release|x64
		{1738B57D-78C4-479F-BDF6-CA75A5ED0440}.Release|x64.Build.0 = Release|x64
		{1738B57D-78C4-479F-BDF6-CA75A5ED0440}.Release|x86.ActiveCfg = Release|Win32
		{1738B57D-78C4-479F-BDF6-CA75A5ED0440}.Release|x86.Build.0 = Release|Win32
		{0E705C8B-ACE9-4791-BF06-BAE5D12D543E}.Debug|x64.ActiveCfg = Debug|x64
		{0E705C8B-ACE9-4791-BF06-BAE5D12D543E}.Debug|x64.Build.0 = Debug|x64
		{0E705C8B-ACE9-4791-BF06-BAE5D12D543E}.Debug|x86.ActiveCfg = Debug|Win32
		{0E705C8B-ACE9-4791-BF06-BAE5D12D543E}.Debug|x86.Build.0 = Debug|Win32
		{0E705C8B-ACE9-4791-BF06-BAE5D12D543E}.Release|x64.ActiveCfg = Release|x64
		{0E705C8B-ACE9-4791-BF06-BAE5D12D543E}.Release|x64.Build.0 = Release|x64
		{0E705C8B-ACE9-4791-BF06-BAE5D12D543E}.Release|x86.ActiveCfg = Release|Win32
		{0E705C8B-ACE9-4791-BF06-BAE5D12D543E}.Release|x86.Build.0 = Release|Win32
		{C31E9185-7F23-409C-9379-35392946A55B}.Debug|x64.ActiveCfg = Debug|x64
		{C31E9185-7F23-409C-9379-35392946A55B}.Debug|x64.Build.0 = Debug|x64
		{C31E9185-7F23-409C-9379-35392946A55B}.Debug|x86.ActiveCfg = Debug|Win32
		{C31E9185-7F23-409C-9379-35392946A55B}.Debug|x86.Build.0 = Debug|Win32
		{C31E9185-7F23-409C-9379-35392946A55B}.Release|x64.ActiveCfg = Release|x64
		{C31E9185-7F23-409C-9379-35392946A55B}.Release|x64.Build.0 = Release|x64
		{C31E9185-7F23-409C-9379-35392946A55B}.Release|x86.ActiveCfg = Release|Win32
		{C31E9185-7F23-409C-9379-35392946A55B}.Release|x86.Build.0 = Release|Win32
	EndGlobalSection
	GlobalSection(SolutionProperties) = preSolution
		HideSolutionNode = FALSE
	EndGlobalSection
EndGlobal
